
Microsoft Visual Studio Solution File, Format Version 12.00
# Visual Studio Version 16
VisualStudioVersion = 16.0.31729.503
MinimumVisualStudioVersion = 10.0.40219.1
Project("{FAE04EC0-301F-11D3-BF4B-00C04F79EFBC}") = "AddressBookProblem", "AddressBookProblem\AddressBookProblem.csproj", "{D0DF5D2A-BD5A-4F8F-BACC-D6F26E53EB5B}"
EndProject
Global
	GlobalSection(SolutionConfigurationPlatforms) = preSolution
		Debug|Any CPU = Debug|Any CPU
		Release|Any CPU = Release|Any CPU
	EndGlobalSection
	GlobalSection(ProjectConfigurationPlatforms) = postSolution
		{D0DF5D2A-BD5A-4F8F-BACC-D6F26E53EB5B}.Debug|Any CPU.ActiveCfg = Debug|Any CPU
		{D0DF5D2A-BD5A-4F8F-BACC-D6F26E53EB5B}.Debug|Any CPU.Build.0 = Debug|Any CPU
		{D0DF5D2A-BD5A-4F8F-BACC-D6F26E53EB5B}.Release|Any CPU.ActiveCfg = Release|Any CPU
		{D0DF5D2A-BD5A-4F8F-BACC-D6F26E53EB5B}.Release|Any CPU.Build.0 = Release|Any CPU
	EndGlobalSection
	GlobalSection(SolutionProperties) = preSolution
		HideSolutionNode = FALSE
	EndGlobalSection
	GlobalSection(ExtensibilityGlobals) = postSolution
		SolutionGuid = {8564311B-FBF1-4044-A382-5E3CF86F649A}
	EndGlobalSection
EndGlobal
